# This file was autogenerated by Stack.
# You should not edit this file by hand.
# For more information, please see the documentation at:
#   https://docs.haskellstack.org/en/stable/lock_files

packages:
- completed:
    commit: afa810a613dda1c88edd7bf1efdd3e1b05c58b98
    git: https://github.com/thma/generic-persistence.git
    name: generic-persistence
    pantry-tree:
      sha256: 75cd353c45bf3e23bf962653ae5426a76bf945997a7eeaec9168cd68b0bef4bd
      size: 2078
    version: 0.7.0.0
  original:
    commit: afa810a613dda1c88edd7bf1efdd3e1b05c58b98
    git: https://github.com/thma/generic-persistence.git
- completed:
    hackage: HDBC-sqlite3-2.3.3.1@sha256:5025fd94d02b9b3f0b8b8233796dd9a85a0b3dda6503c6e671e3eddbc51cb4d4,2424
    pantry-tree:
      sha256: 76e71f73502350ed3fe5fc64604a21a3c8027d49fe6846183d53dbdaf583437a
      size: 1427
  original:
    hackage: HDBC-sqlite3-2.3.3.1
snapshots:
- completed:
    sha256: 867086a789eaf6da9f48a56bb5e8bfd6df27b120023c144cc7bbec5c95717915
    size: 669588
    url: https://raw.githubusercontent.com/commercialhaskell/stackage-snapshots/master/nightly/2024/10/21.yaml
  original: nightly-2024-10-21
